
Microsoft Visual Studio Solution File, Format Version 12.00
# Visual Studio Version 17
VisualStudioVersion = 17.3.32819.101
MinimumVisualStudioVersion = 10.0.40219.1
Project("{FAE04EC0-301F-11D3-BF4B-00C04F79EFBC}") = "Mod2_Lab1Application", "Mod2_Lab1Application\Mod2_Lab1Application.csproj", "{C427571B-E60D-48D4-A001-B688F3B4700C}"
EndProject
Global
	GlobalSection(SolutionConfigurationPlatforms) = preSolution
		Debug|Any CPU = Debug|Any CPU
		Release|Any CPU = Release|Any CPU
	EndGlobalSection
	GlobalSection(ProjectConfigurationPlatforms) = postSolution
		{C427571B-E60D-48D4-A001-B688F3B4700C}.Debug|Any CPU.ActiveCfg = Debug|Any CPU
		{C427571B-E60D-48D4-A001-B688F3B4700C}.Debug|Any CPU.Build.0 = Debug|Any CPU
		{C427571B-E60D-48D4-A001-B688F3B4700C}.Release|Any CPU.ActiveCfg = Release|Any CPU
		{C427571B-E60D-48D4-A001-B688F3B4700C}.Release|Any CPU.Build.0 = Release|Any CPU
	EndGlobalSection
	GlobalSection(SolutionProperties) = preSolution
		HideSolutionNode = FALSE
	EndGlobalSection
	GlobalSection(ExtensibilityGlobals) = postSolution
		SolutionGuid = {3A2E8D6F-7099-4D92-85A6-9AF8A34F5FFE}
	EndGlobalSection
EndGlobal
